// !$*UTF8*$!
{
	archiveVersion = 1;
	classes = {
	};
	objectVersion = 46;
	objects = {

/* Begin PBXBuildFile section */
		4217D43C1A6EE3B6006EAD4D /* AppDelegate.swift in Sources */ = {isa = PBXBuildFile; fileRef = 4217D43B1A6EE3B6006EAD4D /* AppDelegate.swift */; };
		4217D43E1A6EE3B6006EAD4D /* ViewController.swift in Sources */ = {isa = PBXBuildFile; fileRef = 4217D43D1A6EE3B6006EAD4D /* ViewController.swift */; };
		4217D4411A6EE3B6006EAD4D /* Main.storyboard in Resources */ = {isa = PBXBuildFile; fileRef = 4217D43F1A6EE3B6006EAD4D /* Main.storyboard */; };
		4217D4431A6EE3B6006EAD4D /* Images.xcassets in Resources */ = {isa = PBXBuildFile; fileRef = 4217D4421A6EE3B6006EAD4D /* Images.xcassets */; };
		4217D4461A6EE3B6006EAD4D /* LaunchScreen.xib in Resources */ = {isa = PBXBuildFile; fileRef = 4217D4441A6EE3B6006EAD4D /* LaunchScreen.xib */; };
		4217D4521A6EE3B6006EAD4D /* PostcardTests.swift in Sources */ = {isa = PBXBuildFile; fileRef = 4217D4511A6EE3B6006EAD4D /* PostcardTests.swift */; };
/* End PBXBuildFile section */

/* Begin PBXContainerItemProxy section */
		4217D44C1A6EE3B6006EAD4D /* PBXContainerItemProxy */ = {
			isa = PBXContainerItemProxy;
			containerPortal = 4217D42E1A6EE3B6006EAD4D /* Project object */;
			proxyType = 1;
			remoteGlobalIDString = 4217D4351A6EE3B6006EAD4D;
			remoteInfo = Postcard;
		};
/* End PBXContainerItemProxy section */

/* Begin PBXFileReference section */
		4217D4361A6EE3B6006EAD4D /* Postcard.app */ = {isa = PBXFileReference; explicitFileType = wrapper.application; includeInIndex = 0; path = Postcard.app; sourceTree = BUILT_PRODUCTS_DIR; };
		4217D43A1A6EE3B6006EAD4D /* Info.plist */ = {isa = PBXFileReference; lastKnownFileType = text.plist.xml; path = Info.plist; sourceTree = "<group>"; };
		4217D43B1A6EE3B6006EAD4D /* AppDelegate.swift */ = {isa = PBXFileReference; lastKnownFileType = sourcecode.swift; path = AppDelegate.swift; sourceTree = "<group>"; };
		4217D43D1A6EE3B6006EAD4D /* ViewController.swift */ = {isa = PBXFileReference; lastKnownFileType = sourcecode.swift; path = ViewController.swift; sourceTree = "<group>"; };
		4217D4401A6EE3B6006EAD4D /* Base */ = {isa = PBXFileReference; lastKnownFileType = file.storyboard; name = Base; path = Base.lproj/Main.storyboard; sourceTree = "<group>"; };
		4217D4421A6EE3B6006EAD4D /* Images.xcassets */ = {isa = PBXFileReference; lastKnownFileType = folder.assetcatalog; path = Images.xcassets; sourceTree = "<group>"; };
		4217D4451A6EE3B6006EAD4D /* Base */ = {isa = PBXFileReference; lastKnownFileType = file.xib; name = Base; path = Base.lproj/LaunchScreen.xib; sourceTree = "<group>"; };
		4217D44B1A6EE3B6006EAD4D /* PostcardTests.xctest */ = {isa = PBXFileReference; explicitFileType = wrapper.cfbundle; includeInIndex = 0; path = PostcardTests.xctest; sourceTree = BUILT_PRODUCTS_DIR; };
		4217D4501A6EE3B6006EAD4D /* Info.plist */ = {isa = PBXFileReference; lastKnownFileType = text.plist.xml; path = Info.plist; sourceTree = "<group>"; };
		4217D4511A6EE3B6006EAD4D /* PostcardTests.swift */ = {isa = PBXFileReference; lastKnownFileType = sourcecode.swift; path = PostcardTests.swift; sourceTree = "<group>"; };
/* End PBXFileReference section */

/* Begin PBXFrameworksBuildPhase section */
		4217D4331A6EE3B6006EAD4D /* Frameworks */ = {
			isa = PBXFrameworksBuildPhase;
			buildActionMask = 2147483647;
			files = (
			);
			runOnlyForDeploymentPostprocessing = 0;
		};
		4217D4481A6EE3B6006EAD4D /* Frameworks */ = {
			isa = PBXFrameworksBuildPhase;
			buildActionMask = 2147483647;
			files = (
			);
			runOnlyForDeploymentPostprocessing = 0;
		};
/* End PBXFrameworksBuildPhase section */

/* Begin PBXGroup section */
		4217D42D1A6EE3B6006EAD4D = {
			isa = PBXGroup;
			children = (
				4217D4381A6EE3B6006EAD4D /* Postcard */,
				4217D44E1A6EE3B6006EAD4D /* PostcardTests */,
				4217D4371A6EE3B6006EAD4D /* Products */,
			);
			sourceTree = "<group>";
		};
		4217D4371A6EE3B6006EAD4D /* Products */ = {
			isa = PBXGroup;
			children = (
				4217D4361A6EE3B6006EAD4D /* Postcard.app */,
				4217D44B1A6EE3B6006EAD4D /* PostcardTests.xctest */,
			);
			name = Products;
			sourceTree = "<group>";
		};
		4217D4381A6EE3B6006EAD4D /* Postcard */ = {
			isa = PBXGroup;
			children = (
				4217D43B1A6EE3B6006EAD4D /* AppDelegate.swift */,
				4217D43D1A6EE3B6006EAD4D /* ViewController.swift */,
				4217D43F1A6EE3B6006EAD4D /* Main.storyboard */,
				4217D4421A6EE3B6006EAD4D /* Images.xcassets */,
				4217D4441A6EE3B6006EAD4D /* LaunchScreen.xib */,
				4217D4391A6EE3B6006EAD4D /* Supporting Files */,
			);
			path = Postcard;
			sourceTree = "<group>";
		};
		4217D4391A6EE3B6006EAD4D /* Supporting Files */ = {
			isa = PBXGroup;
			children = (
				4217D43A1A6EE3B6006EAD4D /* Info.plist */,
			);
			name = "Supporting Files";
			sourceTree = "<group>";
		};
		4217D44E1A6EE3B6006EAD4D /* PostcardTests */ = {
			isa = PBXGroup;
			children = (
				4217D4511A6EE3B6006EAD4D /* PostcardTests.swift */,
				4217D44F1A6EE3B6006EAD4D /* Supporting Files */,
			);
			path = PostcardTests;
			sourceTree = "<group>";
		};
		4217D44F1A6EE3B6006EAD4D /* Supporting Files */ = {
			isa = PBXGroup;
			children = (
				4217D4501A6EE3B6006EAD4D /* Info.plist */,
			);
			name = "Supporting Files";
			sourceTree = "<group>";
		};
/* End PBXGroup section */

/* Begin PBXNativeTarget section */
		4217D4351A6EE3B6006EAD4D /* Postcard */ = {
			isa = PBXNativeTarget;
			buildConfigurationList = 4217D4551A6EE3B6006EAD4D /* Build configuration list for PBXNativeTarget "Postcard" */;
			buildPhases = (
				4217D4321A6EE3B6006EAD4D /* Sources */,
				4217D4331A6EE3B6006EAD4D /* Frameworks */,
				4217D4341A6EE3B6006EAD4D /* Resources */,
			);
			buildRules = (
			);
			dependencies = (
			);
			name = Postcard;
			productName = Postcard;
			productReference = 4217D4361A6EE3B6006EAD4D /* Postcard.app */;
			productType = "com.apple.product-type.application";
		};
		4217D44A1A6EE3B6006EAD4D /* PostcardTests */ = {
			isa = PBXNativeTarget;
			buildConfigurationList = 4217D4581A6EE3B6006EAD4D /* Build configuration list for PBXNativeTarget "PostcardTests" */;
			buildPhases = (
				4217D4471A6EE3B6006EAD4D /* Sources */,
				4217D4481A6EE3B6006EAD4D /* Frameworks */,
				4217D4491A6EE3B6006EAD4D /* Resources */,
			);
			buildRules = (
			);
			dependencies = (
				4217D44D1A6EE3B6006EAD4D /* PBXTargetDependency */,
			);
			name = PostcardTests;
			productName = PostcardTests;
			productReference = 4217D44B1A6EE3B6006EAD4D /* PostcardTests.xctest */;
			productType = "com.apple.product-type.bundle.unit-test";
		};
/* End PBXNativeTarget section */

/* Begin PBXProject section */
		4217D42E1A6EE3B6006EAD4D /* Project object */ = {
			isa = PBXProject;
			attributes = {
				LastUpgradeCheck = 0620;
				ORGANIZATIONNAME = "Martin, Vinoo";
				TargetAttributes = {
					4217D4351A6EE3B6006EAD4D = {
						CreatedOnToolsVersion = 6.2;
					};
					4217D44A1A6EE3B6006EAD4D = {
						CreatedOnToolsVersion = 6.2;
						TestTargetID = 4217D4351A6EE3B6006EAD4D;
					};
				};
			};
			buildConfigurationList = 4217D4311A6EE3B6006EAD4D /* Build configuration list for PBXProject "Postcard" */;
			compatibilityVersion = "Xcode 3.2";
			developmentRegion = English;
			hasScannedForEncodings = 0;
			knownRegions = (
				en,
				Base,
			);
			mainGroup = 4217D42D1A6EE3B6006EAD4D;
			productRefGroup = 4217D4371A6EE3B6006EAD4D /* Products */;
			projectDirPath = "";
			projectRoot = "";
			targets = (
				4217D4351A6EE3B6006EAD4D /* Postcard */,
				4217D44A1A6EE3B6006EAD4D /* PostcardTests */,
			);
		};
/* End PBXProject section */

/* Begin PBXResourcesBuildPhase section */
		4217D4341A6EE3B6006EAD4D /* Resources */ = {
			isa = PBXResourcesBuildPhase;
			buildActionMask = 2147483647;
			files = (
				4217D4411A6EE3B6006EAD4D /* Main.storyboard in Resources */,
				4217D4461A6EE3B6006EAD4D /* LaunchScreen.xib in Resources */,
				4217D4431A6EE3B6006EAD4D /* Images.xcassets in Resources */,
			);
			runOnlyForDeploymentPostprocessing = 0;
		};
		4217D4491A6EE3B6006EAD4D /* Resources */ = {
			isa = PBXResourcesBuildPhase;
			buildActionMask = 2147483647;
			files = (
			);
			runOnlyForDeploymentPostprocessing = 0;
		};
/* End PBXResourcesBuildPhase section */

/* Begin PBXSourcesBuildPhase section */
		4217D4321A6EE3B6006EAD4D /* Sources */ = {
			isa = PBXSourcesBuildPhase;
			buildActionMask = 2147483647;
			files = (
				4217D43E1A6EE3B6006EAD4D /* ViewController.swift in Sources */,
				4217D43C1A6EE3B6006EAD4D /* AppDelegate.swift in Sources */,
			);
			runOnlyForDeploymentPostprocessing = 0;
		};
		4217D4471A6EE3B6006EAD4D /* Sources */ = {
			isa = PBXSourcesBuildPhase;
			buildActionMask = 2147483647;
			files = (
				4217D4521A6EE3B6006EAD4D /* PostcardTests.swift in Sources */,
			);
			runOnlyForDeploymentPostprocessing = 0;
		};
/* End PBXSourcesBuildPhase section */

/* Begin PBXTargetDependency section */
		4217D44D1A6EE3B6006EAD4D /* PBXTargetDependency */ = {
			isa = PBXTargetDependency;
			target = 4217D4351A6EE3B6006EAD4D /* Postcard */;
			targetProxy = 4217D44C1A6EE3B6006EAD4D /* PBXContainerItemProxy */;
		};
/* End PBXTargetDependency section */

/* Begin PBXVariantGroup section */
		4217D43F1A6EE3B6006EAD4D /* Main.storyboard */ = {
			isa = PBXVariantGroup;
			children = (
				4217D4401A6EE3B6006EAD4D /* Base */,
			);
			name = Main.storyboard;
			sourceTree = "<group>";
		};
		4217D4441A6EE3B6006EAD4D /* LaunchScreen.xib */ = {
			isa = PBXVariantGroup;
			children = (
				4217D4451A6EE3B6006EAD4D /* Base */,
			);
			name = LaunchScreen.xib;
			sourceTree = "<group>";
		};
/* End PBXVariantGroup section */

/* Begin XCBuildConfiguration section */
		4217D4531A6EE3B6006EAD4D /* Debug */ = {
			isa = XCBuildConfiguration;
			buildSettings = {
				ALWAYS_SEARCH_USER_PATHS = NO;
				CLANG_CXX_LANGUAGE_STANDARD = "gnu++0x";
				CLANG_CXX_LIBRARY = "libc++";
				CLANG_ENABLE_MODULES = YES;
				CLANG_ENABLE_OBJC_ARC = YES;
				CLANG_WARN_BOOL_CONVERSION = YES;
				CLANG_WARN_CONSTANT_CONVERSION = YES;
				CLANG_WARN_DIRECT_OBJC_ISA_USAGE = YES_ERROR;
				CLANG_WARN_EMPTY_BODY = YES;
				CLANG_WARN_ENUM_CONVERSION = YES;
				CLANG_WARN_INT_CONVERSION = YES;
				CLANG_WARN_OBJC_ROOT_CLASS = YES_ERROR;
				CLANG_WARN_UNREACHABLE_CODE = YES;
				CLANG_WARN__DUPLICATE_METHOD_MATCH = YES;
				"CODE_SIGN_IDENTITY[sdk=iphoneos*]" = "iPhone Developer";
				COPY_PHASE_STRIP = NO;
				ENABLE_STRICT_OBJC_MSGSEND = YES;
				GCC_C_LANGUAGE_STANDARD = gnu99;
				GCC_DYNAMIC_NO_PIC = NO;
				GCC_OPTIMIZATION_LEVEL = 0;
				GCC_PREPROCESSOR_DEFINITIONS = (
					"DEBUG=1",
					"$(inherited)",
				);
				GCC_SYMBOLS_PRIVATE_EXTERN = NO;
				GCC_WARN_64_TO_32_BIT_CONVERSION = YES;
				GCC_WARN_ABOUT_RETURN_TYPE = YES_ERROR;
				GCC_WARN_UNDECLARED_SELECTOR = YES;
				GCC_WARN_UNINITIALIZED_AUTOS = YES_AGGRESSIVE;
				GCC_WARN_UNUSED_FUNCTION = YES;
				GCC_WARN_UNUSED_VARIABLE = YES;
				IPHONEOS_DEPLOYMENT_TARGET = 8.2;
				MTL_ENABLE_DEBUG_INFO = YES;
				ONLY_ACTIVE_ARCH = YES;
				SDKROOT = iphoneos;
				SWIFT_OPTIMIZATION_LEVEL = "-Onone";
			};
			name = Debug;
		};
		4217D4541A6EE3B6006EAD4D /* Release */ = {
			isa = XCBuildConfiguration;
			buildSettings = {
				ALWAYS_SEARCH_USER_PATHS = NO;
				CLANG_CXX_LANGUAGE_STANDARD = "gnu++0x";
				CLANG_CXX_LIBRARY = "libc++";
				CLANG_ENABLE_MODULES = YES;
				CLANG_ENABLE_OBJC_ARC = YES;
				CLANG_WARN_BOOL_CONVERSION = YES;
				CLANG_WARN_CONSTANT_CONVERSION = YES;
				CLANG_WARN_DIRECT_OBJC_ISA_USAGE = YES_ERROR;
				CLANG_WARN_EMPTY_BODY = YES;
				CLANG_WARN_ENUM_CONVERSION = YES;
				CLANG_WARN_INT_CONVERSION = YES;
				CLANG_WARN_OBJC_ROOT_CLASS = YES_ERROR;
				CLANG_WARN_UNREACHABLE_CODE = YES;
				CLANG_WARN__DUPLICATE_METHOD_MATCH = YES;
				"CODE_SIGN_IDENTITY[sdk=iphoneos*]" = "iPhone Developer";
				COPY_PHASE_STRIP = NO;
				ENABLE_NS_ASSERTIONS = NO;
				ENABLE_STRICT_OBJC_MSGSEND = YES;
				GCC_C_LANGUAGE_STANDARD = gnu99;
				GCC_WARN_64_TO_32_BIT_CONVERSION = YES;
				GCC_WARN_ABOUT_RETURN_TYPE = YES_ERROR;
				GCC_WARN_UNDECLARED_SELECTOR = YES;
				GCC_WARN_UNINITIALIZED_AUTOS = YES_AGGRESSIVE;
				GCC_WARN_UNUSED_FUNCTION = YES;
				GCC_WARN_UNUSED_VARIABLE = YES;
				IPHONEOS_DEPLOYMENT_TARGET = 8.2;
				MTL_ENABLE_DEBUG_INFO = NO;
				SDKROOT = iphoneos;
				VALIDATE_PRODUCT = YES;
			};
			name = Release;
		};
		4217D4561A6EE3B6006EAD4D /* Debug */ = {
			isa = XCBuildConfiguration;
			buildSettings = {
				ASSETCATALOG_COMPILER_APPICON_NAME = AppIcon;
				INFOPLIST_FILE = Postcard/Info.plist;
				LD_RUNPATH_SEARCH_PATHS = "$(inherited) @executable_path/Frameworks";
				PRODUCT_NAME = "$(TARGET_NAME)";
			};
			name = Debug;
		};
		4217D4571A6EE3B6006EAD4D /* Release */ = {
			isa = XCBuildConfiguration;
			buildSettings = {
				ASSETCATALOG_COMPILER_APPICON_NAME = AppIcon;
				INFOPLIST_FILE = Postcard/Info.plist;
				LD_RUNPATH_SEARCH_PATHS = "$(inherited) @executable_path/Frameworks";
				PRODUCT_NAME = "$(TARGET_NAME)";
			};
			name = Release;
		};
		4217D4591A6EE3B6006EAD4D /* Debug */ = {
			isa = XCBuildConfiguration;
			buildSettings = {
				BUNDLE_LOADER = "$(TEST_HOST)";
				FRAMEWORK_SEARCH_PATHS = (
					"$(SDKROOT)/Developer/Library/Frameworks",
					"$(inherited)",
				);
				GCC_PREPROCESSOR_DEFINITIONS = (
					"DEBUG=1",
					"$(inherited)",
				);
				INFOPLIST_FILE = PostcardTests/Info.plist;
				LD_RUNPATH_SEARCH_PATHS = "$(inherited) @executable_path/Frameworks @loader_path/Frameworks";
				PRODUCT_NAME = "$(TARGET_NAME)";
				TEST_HOST = "$(BUILT_PRODUCTS_DIR)/Postcard.app/Postcard";
			};
			name = Debug;
		};
		4217D45A1A6EE3B6006EAD4D /* Release */ = {
			isa = XCBuildConfiguration;
			buildSettings = {
				BUNDLE_LOADER = "$(TEST_HOST)";
				FRAMEWORK_SEARCH_PATHS = (
					"$(SDKROOT)/Developer/Library/Frameworks",
					"$(inherited)",
				);
				INFOPLIST_FILE = PostcardTests/Info.plist;
				LD_RUNPATH_SEARCH_PATHS = "$(inherited) @executable_path/Frameworks @loader_path/Frameworks";
				PRODUCT_NAME = "$(TARGET_NAME)";
				TEST_HOST = "$(BUILT_PRODUCTS_DIR)/Postcard.app/Postcard";
			};
			name = Release;
		};
/* End XCBuildConfiguration section */

/* Begin XCConfigurationList section */
		4217D4311A6EE3B6006EAD4D /* Build configuration list for PBXProject "Postcard" */ = {
			isa = XCConfigurationList;
			buildConfigurations = (
				4217D4531A6EE3B6006EAD4D /* Debug */,
				4217D4541A6EE3B6006EAD4D /* Release */,
			);
			defaultConfigurationIsVisible = 0;
			defaultConfigurationName = Release;
		};
		4217D4551A6EE3B6006EAD4D /* Build configuration list for PBXNativeTarget "Postcard" */ = {
			isa = XCConfigurationList;
			buildConfigurations = (
				4217D4561A6EE3B6006EAD4D /* Debug */,
				4217D4571A6EE3B6006EAD4D /* Release */,
			);
			defaultConfigurationIsVisible = 0;
		};
		4217D4581A6EE3B6006EAD4D /* Build configuration list for PBXNativeTarget "PostcardTests" */ = {
			isa = XCConfigurationList;
			buildConfigurations = (
				4217D4591A6EE3B6006EAD4D /* Debug */,
				4217D45A1A6EE3B6006EAD4D /* Release */,
			);
			defaultConfigurationIsVisible = 0;
		};
/* End XCConfigurationList section */
	};
	rootObject = 4217D42E1A6EE3B6006EAD4D /* Project object */;
}
